// !$*UTF8*$!
{
	archiveVersion = 1;
	classes = {
	};
	objectVersion = 46;
	objects = {

/* Begin PBXBuildFile section */
		793E1382204963ED00AAA5CA /* AppDelegate.swift in Sources */ = {isa = PBXBuildFile; fileRef = 793E1381204963ED00AAA5CA /* AppDelegate.swift */; };
		793E1384204963ED00AAA5CA /* ViewController.swift in Sources */ = {isa = PBXBuildFile; fileRef = 793E1383204963ED00AAA5CA /* ViewController.swift */; };
		793E1387204963ED00AAA5CA /* Main.storyboard in Resources */ = {isa = PBXBuildFile; fileRef = 793E1385204963ED00AAA5CA /* Main.storyboard */; };
		793E1389204963ED00AAA5CA /* Assets.xcassets in Resources */ = {isa = PBXBuildFile; fileRef = 793E1388204963ED00AAA5CA /* Assets.xcassets */; };
		793E138E2049640200AAA5CA /* StructureSection.swift in Sources */ = {isa = PBXBuildFile; fileRef = 798E9EAB1E8D1FE0007F24A9 /* StructureSection.swift */; };
		793E138F2049640200AAA5CA /* StructureDiffer.swift in Sources */ = {isa = PBXBuildFile; fileRef = 79D733271FA9A5A50056FEBD /* StructureDiffer.swift */; };
		793E13902049640200AAA5CA /* Structurable.swift in Sources */ = {isa = PBXBuildFile; fileRef = 79D733231FA9A3720056FEBD /* Structurable.swift */; };
		793E13912049640200AAA5CA /* StructureController.swift in Sources */ = {isa = PBXBuildFile; fileRef = 794C15171DA6511C0076DEC0 /* StructureController.swift */; };
		794C15051DA650C80076DEC0 /* AppDelegate.swift in Sources */ = {isa = PBXBuildFile; fileRef = 794C15041DA650C80076DEC0 /* AppDelegate.swift */; };
		794C150A1DA650C80076DEC0 /* Main.storyboard in Resources */ = {isa = PBXBuildFile; fileRef = 794C15081DA650C80076DEC0 /* Main.storyboard */; };
		794C150C1DA650C80076DEC0 /* Assets.xcassets in Resources */ = {isa = PBXBuildFile; fileRef = 794C150B1DA650C80076DEC0 /* Assets.xcassets */; };
		794C150F1DA650C80076DEC0 /* LaunchScreen.storyboard in Resources */ = {isa = PBXBuildFile; fileRef = 794C150D1DA650C80076DEC0 /* LaunchScreen.storyboard */; };
		794C15181DA6511C0076DEC0 /* StructureController.swift in Sources */ = {isa = PBXBuildFile; fileRef = 794C15171DA6511C0076DEC0 /* StructureController.swift */; };
		79808B23238F150200596A2C /* City.swift in Sources */ = {isa = PBXBuildFile; fileRef = 79808B22238F150200596A2C /* City.swift */; };
		79808B25238F150D00596A2C /* CitiesDataSource.swift in Sources */ = {isa = PBXBuildFile; fileRef = 79808B24238F150D00596A2C /* CitiesDataSource.swift */; };
		79808B282390336C00596A2C /* Country.swift in Sources */ = {isa = PBXBuildFile; fileRef = 79808B272390336C00596A2C /* Country.swift */; };
		79808B3323925F4200596A2C /* StructureOldItem.swift in Sources */ = {isa = PBXBuildFile; fileRef = 79808B3223925F4200596A2C /* StructureOldItem.swift */; };
		79808B352392621400596A2C /* TableAnimationRule.swift in Sources */ = {isa = PBXBuildFile; fileRef = 79808B342392621400596A2C /* TableAnimationRule.swift */; };
		79808B372392657E00596A2C /* StructureController+UIScrollViewDelegate.swift in Sources */ = {isa = PBXBuildFile; fileRef = 79808B362392657E00596A2C /* StructureController+UIScrollViewDelegate.swift */; };
		79808B3A23926A9B00596A2C /* StructureSectionHeaderFooter.swift in Sources */ = {isa = PBXBuildFile; fileRef = 79808B3923926A9B00596A2C /* StructureSectionHeaderFooter.swift */; };
		79808B3D239270E900596A2C /* CountryHeaderView.swift in Sources */ = {isa = PBXBuildFile; fileRef = 79808B3C239270E900596A2C /* CountryHeaderView.swift */; };
		79808B3F239270F500596A2C /* CountryHeaderView.xib in Resources */ = {isa = PBXBuildFile; fileRef = 79808B3E239270F500596A2C /* CountryHeaderView.xib */; };
		79808B412392725000596A2C /* CountryHeaderViewModel.swift in Sources */ = {isa = PBXBuildFile; fileRef = 79808B402392725000596A2C /* CountryHeaderViewModel.swift */; };
		79808B432392AFB100596A2C /* StructureController+UITableView.swift in Sources */ = {isa = PBXBuildFile; fileRef = 79808B422392AFB100596A2C /* StructureController+UITableView.swift */; };
		79808B452394574F00596A2C /* StructureOldSection.swift in Sources */ = {isa = PBXBuildFile; fileRef = 79808B442394574F00596A2C /* StructureOldSection.swift */; };
		798E9EAC1E8D1FE0007F24A9 /* StructureSection.swift in Sources */ = {isa = PBXBuildFile; fileRef = 798E9EAB1E8D1FE0007F24A9 /* StructureSection.swift */; };
		79AEEBEE238F1218006A11B1 /* ViewController.swift in Sources */ = {isa = PBXBuildFile; fileRef = 79AEEBED238F1218006A11B1 /* ViewController.swift */; };
		79AEEBF3238F12D5006A11B1 /* CityTableViewCell.swift in Sources */ = {isa = PBXBuildFile; fileRef = 79AEEBF1238F12D5006A11B1 /* CityTableViewCell.swift */; };
		79AEEBF4238F12D5006A11B1 /* CityTableViewCell.xib in Resources */ = {isa = PBXBuildFile; fileRef = 79AEEBF2238F12D5006A11B1 /* CityTableViewCell.xib */; };
		79AEEBF6238F12DA006A11B1 /* CityTableViewCellModel.swift in Sources */ = {isa = PBXBuildFile; fileRef = 79AEEBF5238F12DA006A11B1 /* CityTableViewCellModel.swift */; };
		79D733241FA9A3720056FEBD /* Structurable.swift in Sources */ = {isa = PBXBuildFile; fileRef = 79D733231FA9A3720056FEBD /* Structurable.swift */; };
		79D733281FA9A5A50056FEBD /* StructureDiffer.swift in Sources */ = {isa = PBXBuildFile; fileRef = 79D733271FA9A5A50056FEBD /* StructureDiffer.swift */; };
/* End PBXBuildFile section */

/* Begin PBXFileReference section */
		791A86A41DACFE6D002C771C /* TableCollectionStructured.podspec */ = {isa = PBXFileReference; lastKnownFileType = text; path = TableCollectionStructured.podspec; sourceTree = "<group>"; };
		793E137F204963ED00AAA5CA /* TableCollectionStructuredAppleTv.app */ = {isa = PBXFileReference; explicitFileType = wrapper.application; includeInIndex = 0; path = TableCollectionStructuredAppleTv.app; sourceTree = BUILT_PRODUCTS_DIR; };
		793E1381204963ED00AAA5CA /* AppDelegate.swift */ = {isa = PBXFileReference; lastKnownFileType = sourcecode.swift; path = AppDelegate.swift; sourceTree = "<group>"; };
		793E1383204963ED00AAA5CA /* ViewController.swift */ = {isa = PBXFileReference; lastKnownFileType = sourcecode.swift; path = ViewController.swift; sourceTree = "<group>"; };
		793E1386204963ED00AAA5CA /* Base */ = {isa = PBXFileReference; lastKnownFileType = file.storyboard; name = Base; path = Base.lproj/Main.storyboard; sourceTree = "<group>"; };
		793E1388204963ED00AAA5CA /* Assets.xcassets */ = {isa = PBXFileReference; lastKnownFileType = folder.assetcatalog; path = Assets.xcassets; sourceTree = "<group>"; };
		793E138A204963ED00AAA5CA /* Info.plist */ = {isa = PBXFileReference; lastKnownFileType = text.plist.xml; path = Info.plist; sourceTree = "<group>"; };
		794C15011DA650C80076DEC0 /* TableCollectionStructured.app */ = {isa = PBXFileReference; explicitFileType = wrapper.application; includeInIndex = 0; path = TableCollectionStructured.app; sourceTree = BUILT_PRODUCTS_DIR; };
		794C15041DA650C80076DEC0 /* AppDelegate.swift */ = {isa = PBXFileReference; lastKnownFileType = sourcecode.swift; path = AppDelegate.swift; sourceTree = "<group>"; };
		794C15091DA650C80076DEC0 /* Base */ = {isa = PBXFileReference; lastKnownFileType = file.storyboard; name = Base; path = Base.lproj/Main.storyboard; sourceTree = "<group>"; };
		794C150B1DA650C80076DEC0 /* Assets.xcassets */ = {isa = PBXFileReference; lastKnownFileType = folder.assetcatalog; path = Assets.xcassets; sourceTree = "<group>"; };
		794C150E1DA650C80076DEC0 /* Base */ = {isa = PBXFileReference; lastKnownFileType = file.storyboard; name = Base; path = Base.lproj/LaunchScreen.storyboard; sourceTree = "<group>"; };
		794C15101DA650C80076DEC0 /* Info.plist */ = {isa = PBXFileReference; lastKnownFileType = text.plist.xml; path = Info.plist; sourceTree = "<group>"; };
		794C15171DA6511C0076DEC0 /* StructureController.swift */ = {isa = PBXFileReference; fileEncoding = 4; lastKnownFileType = sourcecode.swift; path = StructureController.swift; sourceTree = "<group>"; };
		79808B22238F150200596A2C /* City.swift */ = {isa = PBXFileReference; lastKnownFileType = sourcecode.swift; path = City.swift; sourceTree = "<group>"; };
		79808B24238F150D00596A2C /* CitiesDataSource.swift */ = {isa = PBXFileReference; lastKnownFileType = sourcecode.swift; path = CitiesDataSource.swift; sourceTree = "<group>"; };
		79808B272390336C00596A2C /* Country.swift */ = {isa = PBXFileReference; lastKnownFileType = sourcecode.swift; path = Country.swift; sourceTree = "<group>"; };
		79808B3223925F4200596A2C /* StructureOldItem.swift */ = {isa = PBXFileReference; lastKnownFileType = sourcecode.swift; path = StructureOldItem.swift; sourceTree = "<group>"; };
		79808B342392621400596A2C /* TableAnimationRule.swift */ = {isa = PBXFileReference; lastKnownFileType = sourcecode.swift; path = TableAnimationRule.swift; sourceTree = "<group>"; };
		79808B362392657E00596A2C /* StructureController+UIScrollViewDelegate.swift */ = {isa = PBXFileReference; lastKnownFileType = sourcecode.swift; path = "StructureController+UIScrollViewDelegate.swift"; sourceTree = "<group>"; };
		79808B3923926A9B00596A2C /* StructureSectionHeaderFooter.swift */ = {isa = PBXFileReference; lastKnownFileType = sourcecode.swift; path = StructureSectionHeaderFooter.swift; sourceTree = "<group>"; };
		79808B3C239270E900596A2C /* CountryHeaderView.swift */ = {isa = PBXFileReference; lastKnownFileType = sourcecode.swift; path = CountryHeaderView.swift; sourceTree = "<group>"; };
		79808B3E239270F500596A2C /* CountryHeaderView.xib */ = {isa = PBXFileReference; lastKnownFileType = file.xib; path = CountryHeaderView.xib; sourceTree = "<group>"; };
		79808B402392725000596A2C /* CountryHeaderViewModel.swift */ = {isa = PBXFileReference; lastKnownFileType = sourcecode.swift; path = CountryHeaderViewModel.swift; sourceTree = "<group>"; };
		79808B422392AFB100596A2C /* StructureController+UITableView.swift */ = {isa = PBXFileReference; lastKnownFileType = sourcecode.swift; path = "StructureController+UITableView.swift"; sourceTree = "<group>"; };
		79808B442394574F00596A2C /* StructureOldSection.swift */ = {isa = PBXFileReference; fileEncoding = 4; lastKnownFileType = sourcecode.swift; path = StructureOldSection.swift; sourceTree = "<group>"; };
		798E9EAB1E8D1FE0007F24A9 /* StructureSection.swift */ = {isa = PBXFileReference; fileEncoding = 4; lastKnownFileType = sourcecode.swift; path = StructureSection.swift; sourceTree = "<group>"; };
		79AEEBED238F1218006A11B1 /* ViewController.swift */ = {isa = PBXFileReference; lastKnownFileType = sourcecode.swift; path = ViewController.swift; sourceTree = "<group>"; };
		79AEEBF1238F12D5006A11B1 /* CityTableViewCell.swift */ = {isa = PBXFileReference; lastKnownFileType = sourcecode.swift; path = CityTableViewCell.swift; sourceTree = "<group>"; };
		79AEEBF2238F12D5006A11B1 /* CityTableViewCell.xib */ = {isa = PBXFileReference; lastKnownFileType = file.xib; path = CityTableViewCell.xib; sourceTree = "<group>"; };
		79AEEBF5238F12DA006A11B1 /* CityTableViewCellModel.swift */ = {isa = PBXFileReference; lastKnownFileType = sourcecode.swift; path = CityTableViewCellModel.swift; sourceTree = "<group>"; };
		79D733231FA9A3720056FEBD /* Structurable.swift */ = {isa = PBXFileReference; lastKnownFileType = sourcecode.swift; path = Structurable.swift; sourceTree = "<group>"; };
		79D733271FA9A5A50056FEBD /* StructureDiffer.swift */ = {isa = PBXFileReference; lastKnownFileType = sourcecode.swift; path = StructureDiffer.swift; sourceTree = "<group>"; };
/* End PBXFileReference section */

/* Begin PBXFrameworksBuildPhase section */
		793E137C204963ED00AAA5CA /* Frameworks */ = {
			isa = PBXFrameworksBuildPhase;
			buildActionMask = 2147483647;
			files = (
			);
			runOnlyForDeploymentPostprocessing = 0;
		};
		794C14FE1DA650C80076DEC0 /* Frameworks */ = {
			isa = PBXFrameworksBuildPhase;
			buildActionMask = 2147483647;
			files = (
			);
			runOnlyForDeploymentPostprocessing = 0;
		};
/* End PBXFrameworksBuildPhase section */

/* Begin PBXGroup section */
		793E1380204963ED00AAA5CA /* TableCollectionStructuredAppleTv */ = {
			isa = PBXGroup;
			children = (
				793E1381204963ED00AAA5CA /* AppDelegate.swift */,
				793E1383204963ED00AAA5CA /* ViewController.swift */,
				793E1385204963ED00AAA5CA /* Main.storyboard */,
				793E1388204963ED00AAA5CA /* Assets.xcassets */,
				793E138A204963ED00AAA5CA /* Info.plist */,
			);
			path = TableCollectionStructuredAppleTv;
			sourceTree = "<group>";
		};
		794C14F81DA650C80076DEC0 = {
			isa = PBXGroup;
			children = (
				791A86A41DACFE6D002C771C /* TableCollectionStructured.podspec */,
				794C15031DA650C80076DEC0 /* TableCollectionStructured */,
				793E1380204963ED00AAA5CA /* TableCollectionStructuredAppleTv */,
				794C15021DA650C80076DEC0 /* Products */,
			);
			sourceTree = "<group>";
		};
		794C15021DA650C80076DEC0 /* Products */ = {
			isa = PBXGroup;
			children = (
				794C15011DA650C80076DEC0 /* TableCollectionStructured.app */,
				793E137F204963ED00AAA5CA /* TableCollectionStructuredAppleTv.app */,
			);
			name = Products;
			sourceTree = "<group>";
		};
		794C15031DA650C80076DEC0 /* TableCollectionStructured */ = {
			isa = PBXGroup;
			children = (
				79808B20238F14DB00596A2C /* DataSource */,
				79AEEBEF238F12AD006A11B1 /* Cells */,
				794C15041DA650C80076DEC0 /* AppDelegate.swift */,
				79AEEBED238F1218006A11B1 /* ViewController.swift */,
				794C15081DA650C80076DEC0 /* Main.storyboard */,
				794C150B1DA650C80076DEC0 /* Assets.xcassets */,
				794C150D1DA650C80076DEC0 /* LaunchScreen.storyboard */,
				794C15161DA650D70076DEC0 /* Source */,
				794C15101DA650C80076DEC0 /* Info.plist */,
			);
			path = TableCollectionStructured;
			sourceTree = "<group>";
		};
		794C15161DA650D70076DEC0 /* Source */ = {
			isa = PBXGroup;
			children = (
				79808B29239071D100596A2C /* Section */,
				79808B3823926A9000596A2C /* HeaderFooter */,
				79808B2A239071DA00596A2C /* Cell */,
				79808B4623945BA200596A2C /* StructureController */,
				7965A0DC20D135A40076B164 /* Extras */,
			);
			path = Source;
			sourceTree = SOURCE_ROOT;
		};
		7965A0DC20D135A40076B164 /* Extras */ = {
			isa = PBXGroup;
			children = (
				79D733271FA9A5A50056FEBD /* StructureDiffer.swift */,
				79808B342392621400596A2C /* TableAnimationRule.swift */,
			);
			path = Extras;
			sourceTree = "<group>";
		};
		79808B20238F14DB00596A2C /* DataSource */ = {
			isa = PBXGroup;
			children = (
				79808B272390336C00596A2C /* Country.swift */,
				79808B22238F150200596A2C /* City.swift */,
				79808B24238F150D00596A2C /* CitiesDataSource.swift */,
			);
			path = DataSource;
			sourceTree = "<group>";
		};
		79808B29239071D100596A2C /* Section */ = {
			isa = PBXGroup;
			children = (
				798E9EAB1E8D1FE0007F24A9 /* StructureSection.swift */,
				79808B442394574F00596A2C /* StructureOldSection.swift */,
			);
			path = Section;
			sourceTree = "<group>";
		};
		79808B2A239071DA00596A2C /* Cell */ = {
			isa = PBXGroup;
			children = (
				79D733231FA9A3720056FEBD /* Structurable.swift */,
				79808B3223925F4200596A2C /* StructureOldItem.swift */,
			);
			path = Cell;
			sourceTree = "<group>";
		};
		79808B3823926A9000596A2C /* HeaderFooter */ = {
			isa = PBXGroup;
			children = (
				79808B3923926A9B00596A2C /* StructureSectionHeaderFooter.swift */,
			);
			path = HeaderFooter;
			sourceTree = "<group>";
		};
		79808B3B239270C500596A2C /* Header */ = {
			isa = PBXGroup;
			children = (
				79808B3C239270E900596A2C /* CountryHeaderView.swift */,
				79808B3E239270F500596A2C /* CountryHeaderView.xib */,
				79808B402392725000596A2C /* CountryHeaderViewModel.swift */,
			);
			path = Header;
			sourceTree = "<group>";
		};
		79808B4623945BA200596A2C /* StructureController */ = {
			isa = PBXGroup;
			children = (
				794C15171DA6511C0076DEC0 /* StructureController.swift */,
				79808B422392AFB100596A2C /* StructureController+UITableView.swift */,
				79808B362392657E00596A2C /* StructureController+UIScrollViewDelegate.swift */,
			);
			path = StructureController;
			sourceTree = "<group>";
		};
		79AEEBEF238F12AD006A11B1 /* Cells */ = {
			isa = PBXGroup;
			children = (
				79808B3B239270C500596A2C /* Header */,
				79AEEBF0238F12BF006A11B1 /* City */,
			);
			path = Cells;
			sourceTree = "<group>";
		};
		79AEEBF0238F12BF006A11B1 /* City */ = {
			isa = PBXGroup;
			children = (
				79AEEBF1238F12D5006A11B1 /* CityTableViewCell.swift */,
				79AEEBF2238F12D5006A11B1 /* CityTableViewCell.xib */,
				79AEEBF5238F12DA006A11B1 /* CityTableViewCellModel.swift */,
			);
			path = City;
			sourceTree = "<group>";
		};
/* End PBXGroup section */

/* Begin PBXNativeTarget section */
		793E137E204963ED00AAA5CA /* TableCollectionStructuredAppleTv */ = {
			isa = PBXNativeTarget;
			buildConfigurationList = 793E138D204963ED00AAA5CA /* Build configuration list for PBXNativeTarget "TableCollectionStructuredAppleTv" */;
			buildPhases = (
				793E137B204963ED00AAA5CA /* Sources */,
				793E137C204963ED00AAA5CA /* Frameworks */,
				793E137D204963ED00AAA5CA /* Resources */,
			);
			buildRules = (
			);
			dependencies = (
			);
			name = TableCollectionStructuredAppleTv;
			productName = TableCollectionStructuredAppleTv;
			productReference = 793E137F204963ED00AAA5CA /* TableCollectionStructuredAppleTv.app */;
			productType = "com.apple.product-type.application";
		};
		794C15001DA650C80076DEC0 /* TableCollectionStructured */ = {
			isa = PBXNativeTarget;
			buildConfigurationList = 794C15131DA650C80076DEC0 /* Build configuration list for PBXNativeTarget "TableCollectionStructured" */;
			buildPhases = (
				794C14FD1DA650C80076DEC0 /* Sources */,
				794C14FE1DA650C80076DEC0 /* Frameworks */,
				794C14FF1DA650C80076DEC0 /* Resources */,
			);
			buildRules = (
			);
			dependencies = (
			);
			name = TableCollectionStructured;
			productName = TableCollectionStructured;
			productReference = 794C15011DA650C80076DEC0 /* TableCollectionStructured.app */;
			productType = "com.apple.product-type.application";
		};
/* End PBXNativeTarget section */

/* Begin PBXProject section */
		794C14F91DA650C80076DEC0 /* Project object */ = {
			isa = PBXProject;
			attributes = {
				LastSwiftUpdateCheck = 0920;
				LastUpgradeCheck = 1010;
				ORGANIZATIONNAME = "Vitaliy Kuzmenko";
				TargetAttributes = {
					793E137E204963ED00AAA5CA = {
						CreatedOnToolsVersion = 9.2;
						ProvisioningStyle = Automatic;
					};
					794C15001DA650C80076DEC0 = {
						CreatedOnToolsVersion = 8.0;
						DevelopmentTeam = 34YX679QH2;
						LastSwiftMigration = 1010;
						ProvisioningStyle = Automatic;
					};
				};
			};
			buildConfigurationList = 794C14FC1DA650C80076DEC0 /* Build configuration list for PBXProject "TableCollectionStructured" */;
			compatibilityVersion = "Xcode 3.2";
			developmentRegion = English;
			hasScannedForEncodings = 0;
			knownRegions = (
				English,
				en,
				Base,
			);
			mainGroup = 794C14F81DA650C80076DEC0;
			productRefGroup = 794C15021DA650C80076DEC0 /* Products */;
			projectDirPath = "";
			projectRoot = "";
			targets = (
				794C15001DA650C80076DEC0 /* TableCollectionStructured */,
				793E137E204963ED00AAA5CA /* TableCollectionStructuredAppleTv */,
			);
		};
/* End PBXProject section */

/* Begin PBXResourcesBuildPhase section */
		793E137D204963ED00AAA5CA /* Resources */ = {
			isa = PBXResourcesBuildPhase;
			buildActionMask = 2147483647;
			files = (
				793E1389204963ED00AAA5CA /* Assets.xcassets in Resources */,
				793E1387204963ED00AAA5CA /* Main.storyboard in Resources */,
			);
			runOnlyForDeploymentPostprocessing = 0;
		};
		794C14FF1DA650C80076DEC0 /* Resources */ = {
			isa = PBXResourcesBuildPhase;
			buildActionMask = 2147483647;
			files = (
				794C150F1DA650C80076DEC0 /* LaunchScreen.storyboard in Resources */,
				794C150C1DA650C80076DEC0 /* Assets.xcassets in Resources */,
				79AEEBF4238F12D5006A11B1 /* CityTableViewCell.xib in Resources */,
				794C150A1DA650C80076DEC0 /* Main.storyboard in Resources */,
				79808B3F239270F500596A2C /* CountryHeaderView.xib in Resources */,
			);
			runOnlyForDeploymentPostprocessing = 0;
		};
/* End PBXResourcesBuildPhase section */

/* Begin PBXSourcesBuildPhase section */
		793E137B204963ED00AAA5CA /* Sources */ = {
			isa = PBXSourcesBuildPhase;
			buildActionMask = 2147483647;
			files = (
				793E138E2049640200AAA5CA /* StructureSection.swift in Sources */,
				793E138F2049640200AAA5CA /* StructureDiffer.swift in Sources */,
				793E1384204963ED00AAA5CA /* ViewController.swift in Sources */,
				793E13912049640200AAA5CA /* StructureController.swift in Sources */,
				793E1382204963ED00AAA5CA /* AppDelegate.swift in Sources */,
				793E13902049640200AAA5CA /* Structurable.swift in Sources */,
			);
			runOnlyForDeploymentPostprocessing = 0;
		};
		794C14FD1DA650C80076DEC0 /* Sources */ = {
			isa = PBXSourcesBuildPhase;
			buildActionMask = 2147483647;
			files = (
				79AEEBF3238F12D5006A11B1 /* CityTableViewCell.swift in Sources */,
				798E9EAC1E8D1FE0007F24A9 /* StructureSection.swift in Sources */,
				79808B372392657E00596A2C /* StructureController+UIScrollViewDelegate.swift in Sources */,
				79808B352392621400596A2C /* TableAnimationRule.swift in Sources */,
				794C15181DA6511C0076DEC0 /* StructureController.swift in Sources */,
				79808B412392725000596A2C /* CountryHeaderViewModel.swift in Sources */,
				79808B432392AFB100596A2C /* StructureController+UITableView.swift in Sources */,
				79808B282390336C00596A2C /* Country.swift in Sources */,
				79D733241FA9A3720056FEBD /* Structurable.swift in Sources */,
				79808B452394574F00596A2C /* StructureOldSection.swift in Sources */,
				79808B25238F150D00596A2C /* CitiesDataSource.swift in Sources */,
				79808B3323925F4200596A2C /* StructureOldItem.swift in Sources */,
				79808B3A23926A9B00596A2C /* StructureSectionHeaderFooter.swift in Sources */,
				79D733281FA9A5A50056FEBD /* StructureDiffer.swift in Sources */,
				79808B23238F150200596A2C /* City.swift in Sources */,
				79AEEBEE238F1218006A11B1 /* ViewController.swift in Sources */,
				79808B3D239270E900596A2C /* CountryHeaderView.swift in Sources */,
				79AEEBF6238F12DA006A11B1 /* CityTableViewCellModel.swift in Sources */,
				794C15051DA650C80076DEC0 /* AppDelegate.swift in Sources */,
			);
			runOnlyForDeploymentPostprocessing = 0;
		};
/* End PBXSourcesBuildPhase section */

/* Begin PBXVariantGroup section */
		793E1385204963ED00AAA5CA /* Main.storyboard */ = {
			isa = PBXVariantGroup;
			children = (
				793E1386204963ED00AAA5CA /* Base */,
			);
			name = Main.storyboard;
			sourceTree = "<group>";
		};
		794C15081DA650C80076DEC0 /* Main.storyboard */ = {
			isa = PBXVariantGroup;
			children = (
				794C15091DA650C80076DEC0 /* Base */,
			);
			name = Main.storyboard;
			sourceTree = "<group>";
		};
		794C150D1DA650C80076DEC0 /* LaunchScreen.storyboard */ = {
			isa = PBXVariantGroup;
			children = (
				794C150E1DA650C80076DEC0 /* Base */,
			);
			name = LaunchScreen.storyboard;
			sourceTree = "<group>";
		};
/* End PBXVariantGroup section */

/* Begin XCBuildConfiguration section */
		793E138B204963ED00AAA5CA /* Debug */ = {
			isa = XCBuildConfiguration;
			buildSettings = {
				ASSETCATALOG_COMPILER_APPICON_NAME = "App Icon & Top Shelf Image";
				ASSETCATALOG_COMPILER_LAUNCHIMAGE_NAME = LaunchImage;
				CLANG_ANALYZER_NUMBER_OBJECT_CONVERSION = YES_AGGRESSIVE;
				CLANG_CXX_LANGUAGE_STANDARD = "gnu++14";
				CLANG_WARN_UNGUARDED_AVAILABILITY = YES_AGGRESSIVE;
				CODE_SIGN_STYLE = Automatic;
				GCC_C_LANGUAGE_STANDARD = gnu11;
				INFOPLIST_FILE = TableCollectionStructuredAppleTv/Info.plist;
				LD_RUNPATH_SEARCH_PATHS = "$(inherited) @executable_path/Frameworks";
				PRODUCT_BUNDLE_IDENTIFIER = info.kuzmenko.TableCollectionStructuredAppleTv;
				PRODUCT_NAME = "$(TARGET_NAME)";
				SDKROOT = appletvos;
				SWIFT_VERSION = 4.0;
				TARGETED_DEVICE_FAMILY = 3;
				TVOS_DEPLOYMENT_TARGET = 11.2;
			};
			name = Debug;
		};
		793E138C204963ED00AAA5CA /* Release */ = {
			isa = XCBuildConfiguration;
			buildSettings = {
				ASSETCATALOG_COMPILER_APPICON_NAME = "App Icon & Top Shelf Image";
				ASSETCATALOG_COMPILER_LAUNCHIMAGE_NAME = LaunchImage;
				CLANG_ANALYZER_NUMBER_OBJECT_CONVERSION = YES_AGGRESSIVE;
				CLANG_CXX_LANGUAGE_STANDARD = "gnu++14";
				CLANG_WARN_UNGUARDED_AVAILABILITY = YES_AGGRESSIVE;
				CODE_SIGN_STYLE = Automatic;
				GCC_C_LANGUAGE_STANDARD = gnu11;
				INFOPLIST_FILE = TableCollectionStructuredAppleTv/Info.plist;
				LD_RUNPATH_SEARCH_PATHS = "$(inherited) @executable_path/Frameworks";
				PRODUCT_BUNDLE_IDENTIFIER = info.kuzmenko.TableCollectionStructuredAppleTv;
				PRODUCT_NAME = "$(TARGET_NAME)";
				SDKROOT = appletvos;
				SWIFT_VERSION = 4.0;
				TARGETED_DEVICE_FAMILY = 3;
				TVOS_DEPLOYMENT_TARGET = 11.2;
			};
			name = Release;
		};
		794C15111DA650C80076DEC0 /* Debug */ = {
			isa = XCBuildConfiguration;
			buildSettings = {
				ALWAYS_SEARCH_USER_PATHS = NO;
				CLANG_ANALYZER_NONNULL = YES;
				CLANG_CXX_LANGUAGE_STANDARD = "gnu++0x";
				CLANG_CXX_LIBRARY = "libc++";
				CLANG_ENABLE_MODULES = YES;
				CLANG_ENABLE_OBJC_ARC = YES;
				CLANG_WARN_BLOCK_CAPTURE_AUTORELEASING = YES;
				CLANG_WARN_BOOL_CONVERSION = YES;
				CLANG_WARN_COMMA = YES;
				CLANG_WARN_CONSTANT_CONVERSION = YES;
				CLANG_WARN_DEPRECATED_OBJC_IMPLEMENTATIONS = YES;
				CLANG_WARN_DIRECT_OBJC_ISA_USAGE = YES_ERROR;
				CLANG_WARN_DOCUMENTATION_COMMENTS = YES;
				CLANG_WARN_EMPTY_BODY = YES;
				CLANG_WARN_ENUM_CONVERSION = YES;
				CLANG_WARN_INFINITE_RECURSION = YES;
				CLANG_WARN_INT_CONVERSION = YES;
				CLANG_WARN_NON_LITERAL_NULL_CONVERSION = YES;
				CLANG_WARN_OBJC_IMPLICIT_RETAIN_SELF = YES;
				CLANG_WARN_OBJC_LITERAL_CONVERSION = YES;
				CLANG_WARN_OBJC_ROOT_CLASS = YES_ERROR;
				CLANG_WARN_RANGE_LOOP_ANALYSIS = YES;
				CLANG_WARN_STRICT_PROTOTYPES = YES;
				CLANG_WARN_SUSPICIOUS_MOVE = YES;
				CLANG_WARN_SUSPICIOUS_MOVES = YES;
				CLANG_WARN_UNREACHABLE_CODE = YES;
				CLANG_WARN__DUPLICATE_METHOD_MATCH = YES;
				"CODE_SIGN_IDENTITY[sdk=iphoneos*]" = "iPhone Developer";
				COPY_PHASE_STRIP = NO;
				DEBUG_INFORMATION_FORMAT = dwarf;
				ENABLE_STRICT_OBJC_MSGSEND = YES;
				ENABLE_TESTABILITY = YES;
				GCC_C_LANGUAGE_STANDARD = gnu99;
				GCC_DYNAMIC_NO_PIC = NO;
				GCC_NO_COMMON_BLOCKS = YES;
				GCC_OPTIMIZATION_LEVEL = 0;
				GCC_PREPROCESSOR_DEFINITIONS = (
					"DEBUG=1",
					"$(inherited)",
				);
				GCC_WARN_64_TO_32_BIT_CONVERSION = YES;
				GCC_WARN_ABOUT_RETURN_TYPE = YES_ERROR;
				GCC_WARN_UNDECLARED_SELECTOR = YES;
				GCC_WARN_UNINITIALIZED_AUTOS = YES_AGGRESSIVE;
				GCC_WARN_UNUSED_FUNCTION = YES;
				GCC_WARN_UNUSED_VARIABLE = YES;
				IPHONEOS_DEPLOYMENT_TARGET = 10.0;
				MTL_ENABLE_DEBUG_INFO = YES;
				ONLY_ACTIVE_ARCH = YES;
				SDKROOT = iphoneos;
				SWIFT_ACTIVE_COMPILATION_CONDITIONS = DEBUG;
				SWIFT_OPTIMIZATION_LEVEL = "-Onone";
				TARGETED_DEVICE_FAMILY = "1,2";
			};
			name = Debug;
		};
		794C15121DA650C80076DEC0 /* Release */ = {
			isa = XCBuildConfiguration;
			buildSettings = {
				ALWAYS_SEARCH_USER_PATHS = NO;
				CLANG_ANALYZER_NONNULL = YES;
				CLANG_CXX_LANGUAGE_STANDARD = "gnu++0x";
				CLANG_CXX_LIBRARY = "libc++";
				CLANG_ENABLE_MODULES = YES;
				CLANG_ENABLE_OBJC_ARC = YES;
				CLANG_WARN_BLOCK_CAPTURE_AUTORELEASING = YES;
				CLANG_WARN_BOOL_CONVERSION = YES;
				CLANG_WARN_COMMA = YES;
				CLANG_WARN_CONSTANT_CONVERSION = YES;
				CLANG_WARN_DEPRECATED_OBJC_IMPLEMENTATIONS = YES;
				CLANG_WARN_DIRECT_OBJC_ISA_USAGE = YES_ERROR;
				CLANG_WARN_DOCUMENTATION_COMMENTS = YES;
				CLANG_WARN_EMPTY_BODY = YES;
				CLANG_WARN_ENUM_CONVERSION = YES;
				CLANG_WARN_INFINITE_RECURSION = YES;
				CLANG_WARN_INT_CONVERSION = YES;
				CLANG_WARN_NON_LITERAL_NULL_CONVERSION = YES;
				CLANG_WARN_OBJC_IMPLICIT_RETAIN_SELF = YES;
				CLANG_WARN_OBJC_LITERAL_CONVERSION = YES;
				CLANG_WARN_OBJC_ROOT_CLASS = YES_ERROR;
				CLANG_WARN_RANGE_LOOP_ANALYSIS = YES;
				CLANG_WARN_STRICT_PROTOTYPES = YES;
				CLANG_WARN_SUSPICIOUS_MOVE = YES;
				CLANG_WARN_SUSPICIOUS_MOVES = YES;
				CLANG_WARN_UNREACHABLE_CODE = YES;
				CLANG_WARN__DUPLICATE_METHOD_MATCH = YES;
				"CODE_SIGN_IDENTITY[sdk=iphoneos*]" = "iPhone Developer";
				COPY_PHASE_STRIP = NO;
				DEBUG_INFORMATION_FORMAT = "dwarf-with-dsym";
				ENABLE_NS_ASSERTIONS = NO;
				ENABLE_STRICT_OBJC_MSGSEND = YES;
				GCC_C_LANGUAGE_STANDARD = gnu99;
				GCC_NO_COMMON_BLOCKS = YES;
				GCC_WARN_64_TO_32_BIT_CONVERSION = YES;
				GCC_WARN_ABOUT_RETURN_TYPE = YES_ERROR;
				GCC_WARN_UNDECLARED_SELECTOR = YES;
				GCC_WARN_UNINITIALIZED_AUTOS = YES_AGGRESSIVE;
				GCC_WARN_UNUSED_FUNCTION = YES;
				GCC_WARN_UNUSED_VARIABLE = YES;
				IPHONEOS_DEPLOYMENT_TARGET = 10.0;
				MTL_ENABLE_DEBUG_INFO = NO;
				SDKROOT = iphoneos;
				SWIFT_OPTIMIZATION_LEVEL = "-Owholemodule";
				TARGETED_DEVICE_FAMILY = "1,2";
				VALIDATE_PRODUCT = YES;
			};
			name = Release;
		};
		794C15141DA650C80076DEC0 /* Debug */ = {
			isa = XCBuildConfiguration;
			buildSettings = {
				ASSETCATALOG_COMPILER_APPICON_NAME = AppIcon;
				DEVELOPMENT_TEAM = 34YX679QH2;
				INFOPLIST_FILE = TableCollectionStructured/Info.plist;
				IPHONEOS_DEPLOYMENT_TARGET = 9.0;
				LD_RUNPATH_SEARCH_PATHS = "$(inherited) @executable_path/Frameworks";
				PRODUCT_BUNDLE_IDENTIFIER = info.kuzmenko.TableCollectionStructured;
				PRODUCT_NAME = "$(TARGET_NAME)";
				SWIFT_VERSION = 4.2;
			};
			name = Debug;
		};
		794C15151DA650C80076DEC0 /* Release */ = {
			isa = XCBuildConfiguration;
			buildSettings = {
				ASSETCATALOG_COMPILER_APPICON_NAME = AppIcon;
				DEVELOPMENT_TEAM = 34YX679QH2;
				INFOPLIST_FILE = TableCollectionStructured/Info.plist;
				IPHONEOS_DEPLOYMENT_TARGET = 9.0;
				LD_RUNPATH_SEARCH_PATHS = "$(inherited) @executable_path/Frameworks";
				PRODUCT_BUNDLE_IDENTIFIER = info.kuzmenko.TableCollectionStructured;
				PRODUCT_NAME = "$(TARGET_NAME)";
				SWIFT_VERSION = 4.2;
			};
			name = Release;
		};
/* End XCBuildConfiguration section */

/* Begin XCConfigurationList section */
		793E138D204963ED00AAA5CA /* Build configuration list for PBXNativeTarget "TableCollectionStructuredAppleTv" */ = {
			isa = XCConfigurationList;
			buildConfigurations = (
				793E138B204963ED00AAA5CA /* Debug */,
				793E138C204963ED00AAA5CA /* Release */,
			);
			defaultConfigurationIsVisible = 0;
			defaultConfigurationName = Release;
		};
		794C14FC1DA650C80076DEC0 /* Build configuration list for PBXProject "TableCollectionStructured" */ = {
			isa = XCConfigurationList;
			buildConfigurations = (
				794C15111DA650C80076DEC0 /* Debug */,
				794C15121DA650C80076DEC0 /* Release */,
			);
			defaultConfigurationIsVisible = 0;
			defaultConfigurationName = Release;
		};
		794C15131DA650C80076DEC0 /* Build configuration list for PBXNativeTarget "TableCollectionStructured" */ = {
			isa = XCConfigurationList;
			buildConfigurations = (
				794C15141DA650C80076DEC0 /* Debug */,
				794C15151DA650C80076DEC0 /* Release */,
			);
			defaultConfigurationIsVisible = 0;
			defaultConfigurationName = Release;
		};
/* End XCConfigurationList section */
	};
	rootObject = 794C14F91DA650C80076DEC0 /* Project object */;
}
